
Microsoft Visual Studio Solution File, Format Version 12.00
# Visual Studio 15
VisualStudioVersion = 15.0.28010.2019
MinimumVisualStudioVersion = 10.0.40219.1
Project("{9A19103F-16F7-4668-BE54-9A1E7A4F7556}") = "SquirrelyCoreCMD", "SquirrelyCoreCMD\SquirrelyCoreCMD.csproj", "{B3C43BE0-9FF5-40F6-ADB9-A0E66585E4C1}"
EndProject
Project("{9A19103F-16F7-4668-BE54-9A1E7A4F7556}") = "SquirrelyUtilities", "SquirrelyUtilities\SquirrelyUtilities.csproj", "{2DB5ECB7-60FF-4F32-9AFB-2FF1C4F4A106}"
EndProject
Project("{9A19103F-16F7-4668-BE54-9A1E7A4F7556}") = "ConsoleTables", "ConsoleTables\ConsoleTables.csproj", "{B8321563-CBD3-422B-B8D0-D32487A022D5}"
EndProject
Global
	GlobalSection(SolutionConfigurationPlatforms) = preSolution
		Debug|Any CPU = Debug|Any CPU
		Release|Any CPU = Release|Any CPU
	EndGlobalSection
	GlobalSection(ProjectConfigurationPlatforms) = postSolution
		{B3C43BE0-9FF5-40F6-ADB9-A0E66585E4C1}.Debug|Any CPU.ActiveCfg = Debug|Any CPU
		{B3C43BE0-9FF5-40F6-ADB9-A0E66585E4C1}.Debug|Any CPU.Build.0 = Debug|Any CPU
		{B3C43BE0-9FF5-40F6-ADB9-A0E66585E4C1}.Release|Any CPU.ActiveCfg = Release|Any CPU
		{B3C43BE0-9FF5-40F6-ADB9-A0E66585E4C1}.Release|Any CPU.Build.0 = Release|Any CPU
		{2DB5ECB7-60FF-4F32-9AFB-2FF1C4F4A106}.Debug|Any CPU.ActiveCfg = Debug|Any CPU
		{2DB5ECB7-60FF-4F32-9AFB-2FF1C4F4A106}.Debug|Any CPU.Build.0 = Debug|Any CPU
		{2DB5ECB7-60FF-4F32-9AFB-2FF1C4F4A106}.Release|Any CPU.ActiveCfg = Release|Any CPU
		{2DB5ECB7-60FF-4F32-9AFB-2FF1C4F4A106}.Release|Any CPU.Build.0 = Release|Any CPU
		{B8321563-CBD3-422B-B8D0-D32487A022D5}.Debug|Any CPU.ActiveCfg = Debug|Any CPU
		{B8321563-CBD3-422B-B8D0-D32487A022D5}.Debug|Any CPU.Build.0 = Debug|Any CPU
		{B8321563-CBD3-422B-B8D0-D32487A022D5}.Release|Any CPU.ActiveCfg = Release|Any CPU
		{B8321563-CBD3-422B-B8D0-D32487A022D5}.Release|Any CPU.Build.0 = Release|Any CPU
	EndGlobalSection
	GlobalSection(SolutionProperties) = preSolution
		HideSolutionNode = FALSE
	EndGlobalSection
	GlobalSection(ExtensibilityGlobals) = postSolution
		SolutionGuid = {FB998A13-8D73-4977-A746-8F098F7604B7}
	EndGlobalSection
EndGlobal
